
Microsoft Visual Studio Solution File, Format Version 12.00
# Visual Studio Version 16
VisualStudioVersion = 16.0.29326.143
MinimumVisualStudioVersion = 10.0.40219.1
Project("{9A19103F-16F7-4668-BE54-9A1E7A4F7556}") = "Login.Api", "Login.Api\Login.Api.csproj", "{96DC0364-E2FA-4B47-96B3-9067A60A6BAB}"
EndProject
Project("{9A19103F-16F7-4668-BE54-9A1E7A4F7556}") = "Login.Logic", "Login.Logic\Login.Logic.csproj", "{DF3CF104-EC56-4C92-AEC6-ED8E14F91888}"
EndProject
Project("{9A19103F-16F7-4668-BE54-9A1E7A4F7556}") = "Login.DataAccess", "Login.DataAccess\Login.DataAccess.csproj", "{F55A9A8D-768B-4832-B097-A4BAE7F3757A}"
EndProject
Project("{9A19103F-16F7-4668-BE54-9A1E7A4F7556}") = "Login.Model", "Login.Model\Login.Model.csproj", "{C3BBAD14-D87B-4567-A9F4-56BCF6D5171E}"
EndProject
Project("{2150E333-8FDC-42A3-9474-1A3956D46DE8}") = "security", "security", "{FE844895-B805-40D9-9A76-9D755B48373F}"
	ProjectSection(SolutionItems) = preProject
		security\private.key = security\private.key
		security\public.key = security\public.key
	EndProjectSection
EndProject
Global
	GlobalSection(SolutionConfigurationPlatforms) = preSolution
		Debug|Any CPU = Debug|Any CPU
		Release|Any CPU = Release|Any CPU
	EndGlobalSection
	GlobalSection(ProjectConfigurationPlatforms) = postSolution
		{96DC0364-E2FA-4B47-96B3-9067A60A6BAB}.Debug|Any CPU.ActiveCfg = Debug|Any CPU
		{96DC0364-E2FA-4B47-96B3-9067A60A6BAB}.Debug|Any CPU.Build.0 = Debug|Any CPU
		{96DC0364-E2FA-4B47-96B3-9067A60A6BAB}.Release|Any CPU.ActiveCfg = Release|Any CPU
		{96DC0364-E2FA-4B47-96B3-9067A60A6BAB}.Release|Any CPU.Build.0 = Release|Any CPU
		{DF3CF104-EC56-4C92-AEC6-ED8E14F91888}.Debug|Any CPU.ActiveCfg = Debug|Any CPU
		{DF3CF104-EC56-4C92-AEC6-ED8E14F91888}.Debug|Any CPU.Build.0 = Debug|Any CPU
		{DF3CF104-EC56-4C92-AEC6-ED8E14F91888}.Release|Any CPU.ActiveCfg = Release|Any CPU
		{DF3CF104-EC56-4C92-AEC6-ED8E14F91888}.Release|Any CPU.Build.0 = Release|Any CPU
		{F55A9A8D-768B-4832-B097-A4BAE7F3757A}.Debug|Any CPU.ActiveCfg = Debug|Any CPU
		{F55A9A8D-768B-4832-B097-A4BAE7F3757A}.Debug|Any CPU.Build.0 = Debug|Any CPU
		{F55A9A8D-768B-4832-B097-A4BAE7F3757A}.Release|Any CPU.ActiveCfg = Release|Any CPU
		{F55A9A8D-768B-4832-B097-A4BAE7F3757A}.Release|Any CPU.Build.0 = Release|Any CPU
		{C3BBAD14-D87B-4567-A9F4-56BCF6D5171E}.Debug|Any CPU.ActiveCfg = Debug|Any CPU
		{C3BBAD14-D87B-4567-A9F4-56BCF6D5171E}.Debug|Any CPU.Build.0 = Debug|Any CPU
		{C3BBAD14-D87B-4567-A9F4-56BCF6D5171E}.Release|Any CPU.ActiveCfg = Release|Any CPU
		{C3BBAD14-D87B-4567-A9F4-56BCF6D5171E}.Release|Any CPU.Build.0 = Release|Any CPU
	EndGlobalSection
	GlobalSection(SolutionProperties) = preSolution
		HideSolutionNode = FALSE
	EndGlobalSection
	GlobalSection(ExtensibilityGlobals) = postSolution
		SolutionGuid = {213EAB6F-C5FC-4EE5-AECC-4DFEB4B054E5}
	EndGlobalSection
EndGlobal
